{
  "name": "contract",
  "version": "1.0.0",
  "lockfileVersion": 2,
  "requires": true,
  "packages": {
    "": {
      "name": "contract",
      "version": "1.0.0",
      "license": "MIT",
      "dependencies": {
        "@hyperionbt/helios": "^0.6.3"
      }
    },
    "node_modules/@hyperionbt/helios": {
      "version": "0.6.3",
      "resolved": "https://registry.npmjs.org/@hyperionbt/helios/-/helios-0.6.3.tgz",
      "integrity": "sha512-Zjayaksm5oZhiOHfVAvsJnd/7BmCg+WfHFIcWX+dGWGWHUUUivuqaQeeTuRvdZbpdB8v506SXT9nZxtVr3o5Vw=="
    }
  },
  "dependencies": {
    "@hyperionbt/helios": {
      "version": "0.6.3",
      "resolved": "https://registry.npmjs.org/@hyperionbt/helios/-/helios-0.6.3.tgz",
      "integrity": "sha512-Zjayaksm5oZhiOHfVAvsJnd/7BmCg+WfHFIcWX+dGWGWHUUUivuqaQeeTuRvdZbpdB8v506SXT9nZxtVr3o5Vw=="
    }
  }
}
