{
  "name": "contract",
  "version": "1.0.0",
  "lockfileVersion": 2,
  "requires": true,
  "packages": {
    "": {
      "name": "contract",
      "version": "1.0.0",
      "license": "MIT",
      "dependencies": {
        "@hyperionbt/helios": "^0.6.5"
      }
    },
    "node_modules/@hyperionbt/helios": {
      "version": "0.6.5",
      "resolved": "https://registry.npmjs.org/@hyperionbt/helios/-/helios-0.6.5.tgz",
      "integrity": "sha512-u8SyaN9Qn7agBtA5SECsz7KBklpNDt9iZXOse2gcxM6RXCBXBHn3ja0OLPl5rc7/1Gtet44AGyj2jyISF/L1lw=="
    }
  },
  "dependencies": {
    "@hyperionbt/helios": {
      "version": "0.6.5",
      "resolved": "https://registry.npmjs.org/@hyperionbt/helios/-/helios-0.6.5.tgz",
      "integrity": "sha512-u8SyaN9Qn7agBtA5SECsz7KBklpNDt9iZXOse2gcxM6RXCBXBHn3ja0OLPl5rc7/1Gtet44AGyj2jyISF/L1lw=="
    }
  }
}
